{
  "version": 4,
  "terraform_version": "1.5.7",
  "serial": 40,
  "lineage": "a932b925-1bd6-b736-2730-beca0df6b044",
  "outputs": {
    "artifact_registry_url": {
      "value": "us-central1-docker.pkg.dev/dytallix/dytallix-testnet-repo",
      "type": "string"
    },
    "cluster_ca_certificate": {
      "value": "LS0tLS1CRUdJTiBDRVJUSUZJQ0FURS0tLS0tCk1JSUVMVENDQXBXZ0F3SUJBZ0lSQU1vVjNuWDRJeElJR3FsSHJYSVdOY2d3RFFZSktvWklodmNOQVFFTEJRQXcKTHpFdE1Dc0dBMVVFQXhNa1pEazVaVE5rWVRrdE5ESXpZaTAwTlRNMkxUa3pZbVF0WXpZNE1EbGtNREE1T0RaaQpNQ0FYRFRJMU1EY3lNakF3TkRjeE5sb1lEekl3TlRVd056RTFNREUwTnpFMldqQXZNUzB3S3dZRFZRUURFeVJrCk9UbGxNMlJoT1MwME1qTmlMVFExTXpZdE9UTmlaQzFqTmpnd09XUXdNRGs0Tm1Jd2dnR2lNQTBHQ1NxR1NJYjMKRFFFQkFRVUFBNElCandBd2dnR0tBb0lCZ1FDL0Zib3dud294REk1L2p5bzNFVEF0SU03anpvU1IrN1ZSWlRqMQp4aWlRV1ZtNWFJblAwamxhWWl2aDAxbGVmR0FEK1EzUTc0dU1WazlvL3d6Yk1lTGZNVk5Eb1NKc0RoZldveHJpCkJrRE81R1c2di9qUU9NdDM3YkVvZkd6Q2s3T0RDcWJ4RVI4aGR2LzhVNGtIRGFGVDFQYk15dnd3WkdQV3hKSXIKZHRZZ1ByeDd3UjNYMUxzN0N3bEZaUzd1em8waXZkUVpDQjhydHFPS1V6L0FEeFQ5ZjB3cU5tbDJMbjhtNXNEZwpiaDRSTTBxUG1DSGFmSko0elpoaWJiNCtUd2EyMkNjaG1aNnhxVFFlVjBmVERUR2tRSW5qYjVMQ1lBTEMzMThRCnpQakw3Q04vWFBVMmd4TkVNVDQycWg0SWVBVTBqVW0yTUw3WDliYVVOVkl3NEdQejlNMkZGM1JUekh0R0VNT0UKOHNNQzFoNXdYNFp1YVZwbFhqQUYwb0V6ZENMa3BhbG11Mk9lWm9CTWg4ZnUzaHljNm1LSFdwWHpLdmNqWDBqUgpGSEE4SWpLRkFmb1VQa3dvQ0RKOFlrWTJDMmxwY3FjWHJlT0NnNmQ0M0N5VGxpcDBoTnF1NXBEaDVjSUgwZ1B5CnZES2o5OXd2dnVuS1Q5MGk0QThVbEdnZFRpVUNBd0VBQWFOQ01FQXdEZ1lEVlIwUEFRSC9CQVFEQWdJRU1BOEcKQTFVZEV3RUIvd1FGTUFNQkFmOHdIUVlEVlIwT0JCWUVGRGFFdGIyUzEvaEkxU1VZL3dVeTJ1dHFtQlR2TUEwRwpDU3FHU0liM0RRRUJDd1VBQTRJQmdRQW9MQnM1cjJqZTE0dDVVL3VDVnVSRng1N0ZLU1E2NWNoOHFBcjgzUWJTCkxCVmcyMmVnV08yUzhTb1ArZ1lOL1NaOGovUGViRmZ0TFVqK3pUb2dVTEhsU0FTTVJDMDFqLzh3Q1VTckhlM3YKT1dmU0Z5OG85bWFySFRiYzJrUm5ORDNac2RKSDEzZU5TZ1F3RklqUGpTZUNiblFiVExrUitETGllTUhaUVR2cQp2azZtZVpNYThlbkVTcmpwQTh0R3R0OUpEMHluUUhhQVZKaVpRYVIyOGVLMVlqMFNzeklzVDZPMTN0VU0vWGE5CnI5WmluM01zeVY4akhqd0FlR2ZKMCs4TnNScHNlMTBVaEljejYrTUphQkxjY1FNTXVUaTNRb2h5Yk0rVng1QXEKeGdwamRVWUVuVjVkWWp1ZTRJdlBpN2paTGhTcXNtKzNQMEpUcnIwMTJ2ZXZmdnhiVFJ0bG9QN0lTa2NIWHM0aQpERkl2Zkd4R3V1dGhqWlhsd0V3QmRlVGFoc2luSUlmSG1qNVEzeEJjajQxVnFvQjBVT0FLSVVOOXZVeWp5SndtCmtHc2NoTVF4VTZOcUE5aWFPeUFvZU5lQ1BRblRvdTFZelViK3ZZV2lESUFyMm9UczBSMnFnc1ZBKzg2OWFsblIKNllkUjZ3M2VJbWVpTmVLSTRPck5kcDQ9Ci0tLS0tRU5EIENFUlRJRklDQVRFLS0tLS0K",
      "type": "string",
      "sensitive": true
    },
    "cluster_endpoint": {
      "value": "34.121.30.178",
      "type": "string",
      "sensitive": true
    },
    "cluster_location": {
      "value": "us-central1-a",
      "type": "string"
    },
    "cluster_name": {
      "value": "dytallix-testnet-cluster",
      "type": "string"
    },
    "environment": {
      "value": "testnet",
      "type": "string"
    },
    "kubectl_config_command": {
      "value": "gcloud container clusters get-credentials dytallix-testnet-cluster --zone=us-central1-a --project=dytallix",
      "type": "string"
    },
    "project_id": {
      "value": "dytallix",
      "type": "string"
    },
    "region": {
      "value": "us-central1",
      "type": "string"
    },
    "service_account_email": {
      "value": "dytallix-bridge-sa@dytallix.iam.gserviceaccount.com",
      "type": "string"
    },
    "storage_bucket_name": {
      "value": "dytallix-testnet-storage",
      "type": "string"
    },
    "storage_bucket_url": {
      "value": "gs://dytallix-testnet-storage",
      "type": "string"
    },
    "subnet_name": {
      "value": "dytallix-testnet-subnet",
      "type": "string"
    },
    "vpc_network_name": {
      "value": "dytallix-testnet-vpc",
      "type": "string"
    }
  },
  "resources": [
    {
      "mode": "data",
      "type": "google_client_config",
      "name": "default",
      "provider": "provider[\"registry.terraform.io/hashicorp/google\"]",
      "instances": [
        {
          "schema_version": 0,
          "attributes": {
            "access_token": "ya29.a0AS3H6NzPhPHgbi7u7zLQUFMdH2xYc74E5JGGlguhoCouydGmVIMft4NR6ihYieIvViD5I-uNAUfVbIuULPPIfyvO6hjgLaY1rEQDrLSNRRYch2cAFBhU9isYGDMcLnL4pg5ucOoUPXcIVr6RYJFYeqLdX4NplIl-_G558qtlaCgYKAXoSARISFQHGX2MizqMXLnNzBh4D0OQh-1-F1Q0175",
            "default_labels": null,
            "id": "projects/\"dytallix\"/regions/\"us-central1\"/zones/\"us-central1-a\"",
            "project": "dytallix",
            "region": "us-central1",
            "zone": "us-central1-a"
          },
          "sensitive_attributes": []
        }
      ]
    },
    {
      "mode": "managed",
      "type": "google_artifact_registry_repository",
      "name": "bridge_repo",
      "provider": "provider[\"registry.terraform.io/hashicorp/google\"]",
      "instances": [
        {
          "schema_version": 0,
          "attributes": {
            "cleanup_policies": [
              {
                "action": "DELETE",
                "condition": [
                  {
                    "newer_than": "",
                    "older_than": "2592000s",
                    "package_name_prefixes": [],
                    "tag_prefixes": [],
                    "tag_state": "UNTAGGED",
                    "version_name_prefixes": []
                  }
                ],
                "id": "delete-old-images",
                "most_recent_versions": []
              },
              {
                "action": "KEEP",
                "condition": [
                  {
                    "newer_than": "604800s",
                    "older_than": "",
                    "package_name_prefixes": [],
                    "tag_prefixes": [],
                    "tag_state": "TAGGED",
                    "version_name_prefixes": []
                  }
                ],
                "id": "keep-recent-tagged",
                "most_recent_versions": []
              }
            ],
            "cleanup_policy_dry_run": false,
            "create_time": "2025-07-22T01:38:10.085356Z",
            "description": "Dytallix Bridge container images for testnet",
            "docker_config": [],
            "effective_labels": {
              "created_on": "2025-07-22",
              "environment": "testnet",
              "managed_by": "terraform",
              "project": "dytallix-bridge"
            },
            "format": "DOCKER",
            "id": "projects/dytallix/locations/us-central1/repositories/dytallix-testnet-repo",
            "kms_key_name": "",
            "labels": {
              "created_on": "2025-07-22",
              "environment": "testnet",
              "managed_by": "terraform",
              "project": "dytallix-bridge"
            },
            "location": "us-central1",
            "maven_config": [],
            "mode": "STANDARD_REPOSITORY",
            "name": "dytallix-testnet-repo",
            "project": "dytallix",
            "remote_repository_config": [],
            "repository_id": "dytallix-testnet-repo",
            "terraform_labels": {
              "created_on": "2025-07-22",
              "environment": "testnet",
              "managed_by": "terraform",
              "project": "dytallix-bridge"
            },
            "timeouts": null,
            "update_time": "2025-07-22T01:38:10.085356Z",
            "virtual_repository_config": []
          },
          "sensitive_attributes": [],
          "private": "eyJlMmJmYjczMC1lY2FhLTExZTYtOGY4OC0zNDM2M2JjN2M0YzAiOnsiY3JlYXRlIjoxMjAwMDAwMDAwMDAwLCJkZWxldGUiOjEyMDAwMDAwMDAwMDAsInVwZGF0ZSI6MTIwMDAwMDAwMDAwMH19"
        }
      ]
    },
    {
      "mode": "managed",
      "type": "google_compute_network",
      "name": "vpc",
      "provider": "provider[\"registry.terraform.io/hashicorp/google\"]",
      "instances": [
        {
          "schema_version": 0,
          "attributes": {
            "auto_create_subnetworks": false,
            "delete_default_routes_on_create": false,
            "description": "",
            "enable_ula_internal_ipv6": false,
            "gateway_ipv4": "",
            "id": "projects/dytallix/global/networks/dytallix-testnet-vpc",
            "internal_ipv6_range": "",
            "mtu": 0,
            "name": "dytallix-testnet-vpc",
            "network_firewall_policy_enforcement_order": "AFTER_CLASSIC_FIREWALL",
            "numeric_id": "6298566634958443927",
            "project": "dytallix",
            "routing_mode": "REGIONAL",
            "self_link": "https://www.googleapis.com/compute/v1/projects/dytallix/global/networks/dytallix-testnet-vpc",
            "timeouts": null
          },
          "sensitive_attributes": [],
          "private": "eyJlMmJmYjczMC1lY2FhLTExZTYtOGY4OC0zNDM2M2JjN2M0YzAiOnsiY3JlYXRlIjoxMjAwMDAwMDAwMDAwLCJkZWxldGUiOjEyMDAwMDAwMDAwMDAsInVwZGF0ZSI6MTIwMDAwMDAwMDAwMH0sInNjaGVtYV92ZXJzaW9uIjoiMCJ9"
        }
      ]
    },
    {
      "mode": "managed",
      "type": "google_compute_subnetwork",
      "name": "subnet",
      "provider": "provider[\"registry.terraform.io/hashicorp/google\"]",
      "instances": [
        {
          "schema_version": 0,
          "attributes": {
            "creation_timestamp": "2025-07-21T18:38:23.675-07:00",
            "description": "",
            "external_ipv6_prefix": "",
            "fingerprint": null,
            "gateway_address": "10.0.1.1",
            "id": "projects/dytallix/regions/us-central1/subnetworks/dytallix-testnet-subnet",
            "internal_ipv6_prefix": "",
            "ip_cidr_range": "10.0.1.0/24",
            "ipv6_access_type": "",
            "ipv6_cidr_range": "",
            "log_config": [
              {
                "aggregation_interval": "INTERVAL_10_MIN",
                "filter_expr": "true",
                "flow_sampling": 0.5,
                "metadata": "INCLUDE_ALL_METADATA",
                "metadata_fields": []
              }
            ],
            "name": "dytallix-testnet-subnet",
            "network": "https://www.googleapis.com/compute/v1/projects/dytallix/global/networks/dytallix-testnet-vpc",
            "private_ip_google_access": true,
            "private_ipv6_google_access": "DISABLE_GOOGLE_ACCESS",
            "project": "dytallix",
            "purpose": "PRIVATE",
            "region": "us-central1",
            "role": "",
            "secondary_ip_range": [
              {
                "ip_cidr_range": "10.1.0.0/16",
                "range_name": "gke-pods"
              },
              {
                "ip_cidr_range": "10.2.0.0/16",
                "range_name": "gke-services"
              }
            ],
            "self_link": "https://www.googleapis.com/compute/v1/projects/dytallix/regions/us-central1/subnetworks/dytallix-testnet-subnet",
            "send_secondary_ip_range_if_empty": null,
            "stack_type": "IPV4_ONLY",
            "timeouts": null
          },
          "sensitive_attributes": [],
          "private": "eyJlMmJmYjczMC1lY2FhLTExZTYtOGY4OC0zNDM2M2JjN2M0YzAiOnsiY3JlYXRlIjoxMjAwMDAwMDAwMDAwLCJkZWxldGUiOjEyMDAwMDAwMDAwMDAsInVwZGF0ZSI6MTIwMDAwMDAwMDAwMH0sInNjaGVtYV92ZXJzaW9uIjoiMCJ9",
          "dependencies": [
            "google_compute_network.vpc"
          ]
        }
      ]
    },
    {
      "mode": "managed",
      "type": "google_container_cluster",
      "name": "primary",
      "provider": "provider[\"registry.terraform.io/hashicorp/google\"]",
      "instances": [
        {
          "schema_version": 2,
          "attributes": {
            "addons_config": [
              {
                "cloudrun_config": [],
                "config_connector_config": [],
                "dns_cache_config": [],
                "gce_persistent_disk_csi_driver_config": [
                  {
                    "enabled": true
                  }
                ],
                "gcp_filestore_csi_driver_config": [],
                "gcs_fuse_csi_driver_config": [],
                "gke_backup_agent_config": [],
                "horizontal_pod_autoscaling": [
                  {
                    "disabled": false
                  }
                ],
                "http_load_balancing": [
                  {
                    "disabled": false
                  }
                ],
                "network_policy_config": [
                  {
                    "disabled": false
                  }
                ],
                "ray_operator_config": [],
                "stateful_ha_config": []
              }
            ],
            "allow_net_admin": null,
            "authenticator_groups_config": [],
            "binary_authorization": [
              {
                "enabled": false,
                "evaluation_mode": "DISABLED"
              }
            ],
            "cluster_autoscaling": [
              {
                "auto_provisioning_defaults": [],
                "auto_provisioning_locations": [],
                "autoscaling_profile": "BALANCED",
                "enabled": false,
                "resource_limits": []
              }
            ],
            "cluster_ipv4_cidr": "10.1.0.0/16",
            "confidential_nodes": [],
            "cost_management_config": [],
            "database_encryption": [
              {
                "key_name": "",
                "state": "DECRYPTED"
              }
            ],
            "datapath_provider": "",
            "default_max_pods_per_node": 110,
            "default_snat_status": [
              {
                "disabled": false
              }
            ],
            "deletion_protection": true,
            "description": "",
            "dns_config": [],
            "enable_autopilot": false,
            "enable_cilium_clusterwide_network_policy": false,
            "enable_intranode_visibility": false,
            "enable_k8s_beta_apis": [],
            "enable_kubernetes_alpha": false,
            "enable_l4_ilb_subsetting": false,
            "enable_legacy_abac": false,
            "enable_multi_networking": false,
            "enable_shielded_nodes": true,
            "enable_tpu": false,
            "endpoint": "34.121.30.178",
            "fleet": [],
            "gateway_api_config": [],
            "id": "projects/dytallix/locations/us-central1-a/clusters/dytallix-testnet-cluster",
            "identity_service_config": [],
            "initial_node_count": 1,
            "ip_allocation_policy": [
              {
                "additional_pod_ranges_config": [],
                "cluster_ipv4_cidr_block": "10.1.0.0/16",
                "cluster_secondary_range_name": "gke-pods",
                "pod_cidr_overprovision_config": [
                  {
                    "disabled": false
                  }
                ],
                "services_ipv4_cidr_block": "10.2.0.0/16",
                "services_secondary_range_name": "gke-services",
                "stack_type": "IPV4"
              }
            ],
            "label_fingerprint": "66545af6",
            "location": "us-central1-a",
            "logging_config": [
              {
                "enable_components": [
                  "SYSTEM_COMPONENTS",
                  "WORKLOADS"
                ]
              }
            ],
            "logging_service": "logging.googleapis.com/kubernetes",
            "maintenance_policy": [
              {
                "daily_maintenance_window": [
                  {
                    "duration": "PT4H0M0S",
                    "start_time": "03:00"
                  }
                ],
                "maintenance_exclusion": [],
                "recurring_window": []
              }
            ],
            "master_auth": [
              {
                "client_certificate": "",
                "client_certificate_config": [
                  {
                    "issue_client_certificate": false
                  }
                ],
                "client_key": "",
                "cluster_ca_certificate": "LS0tLS1CRUdJTiBDRVJUSUZJQ0FURS0tLS0tCk1JSUVMVENDQXBXZ0F3SUJBZ0lSQU1vVjNuWDRJeElJR3FsSHJYSVdOY2d3RFFZSktvWklodmNOQVFFTEJRQXcKTHpFdE1Dc0dBMVVFQXhNa1pEazVaVE5rWVRrdE5ESXpZaTAwTlRNMkxUa3pZbVF0WXpZNE1EbGtNREE1T0RaaQpNQ0FYRFRJMU1EY3lNakF3TkRjeE5sb1lEekl3TlRVd056RTFNREUwTnpFMldqQXZNUzB3S3dZRFZRUURFeVJrCk9UbGxNMlJoT1MwME1qTmlMVFExTXpZdE9UTmlaQzFqTmpnd09XUXdNRGs0Tm1Jd2dnR2lNQTBHQ1NxR1NJYjMKRFFFQkFRVUFBNElCandBd2dnR0tBb0lCZ1FDL0Zib3dud294REk1L2p5bzNFVEF0SU03anpvU1IrN1ZSWlRqMQp4aWlRV1ZtNWFJblAwamxhWWl2aDAxbGVmR0FEK1EzUTc0dU1WazlvL3d6Yk1lTGZNVk5Eb1NKc0RoZldveHJpCkJrRE81R1c2di9qUU9NdDM3YkVvZkd6Q2s3T0RDcWJ4RVI4aGR2LzhVNGtIRGFGVDFQYk15dnd3WkdQV3hKSXIKZHRZZ1ByeDd3UjNYMUxzN0N3bEZaUzd1em8waXZkUVpDQjhydHFPS1V6L0FEeFQ5ZjB3cU5tbDJMbjhtNXNEZwpiaDRSTTBxUG1DSGFmSko0elpoaWJiNCtUd2EyMkNjaG1aNnhxVFFlVjBmVERUR2tRSW5qYjVMQ1lBTEMzMThRCnpQakw3Q04vWFBVMmd4TkVNVDQycWg0SWVBVTBqVW0yTUw3WDliYVVOVkl3NEdQejlNMkZGM1JUekh0R0VNT0UKOHNNQzFoNXdYNFp1YVZwbFhqQUYwb0V6ZENMa3BhbG11Mk9lWm9CTWg4ZnUzaHljNm1LSFdwWHpLdmNqWDBqUgpGSEE4SWpLRkFmb1VQa3dvQ0RKOFlrWTJDMmxwY3FjWHJlT0NnNmQ0M0N5VGxpcDBoTnF1NXBEaDVjSUgwZ1B5CnZES2o5OXd2dnVuS1Q5MGk0QThVbEdnZFRpVUNBd0VBQWFOQ01FQXdEZ1lEVlIwUEFRSC9CQVFEQWdJRU1BOEcKQTFVZEV3RUIvd1FGTUFNQkFmOHdIUVlEVlIwT0JCWUVGRGFFdGIyUzEvaEkxU1VZL3dVeTJ1dHFtQlR2TUEwRwpDU3FHU0liM0RRRUJDd1VBQTRJQmdRQW9MQnM1cjJqZTE0dDVVL3VDVnVSRng1N0ZLU1E2NWNoOHFBcjgzUWJTCkxCVmcyMmVnV08yUzhTb1ArZ1lOL1NaOGovUGViRmZ0TFVqK3pUb2dVTEhsU0FTTVJDMDFqLzh3Q1VTckhlM3YKT1dmU0Z5OG85bWFySFRiYzJrUm5ORDNac2RKSDEzZU5TZ1F3RklqUGpTZUNiblFiVExrUitETGllTUhaUVR2cQp2azZtZVpNYThlbkVTcmpwQTh0R3R0OUpEMHluUUhhQVZKaVpRYVIyOGVLMVlqMFNzeklzVDZPMTN0VU0vWGE5CnI5WmluM01zeVY4akhqd0FlR2ZKMCs4TnNScHNlMTBVaEljejYrTUphQkxjY1FNTXVUaTNRb2h5Yk0rVng1QXEKeGdwamRVWUVuVjVkWWp1ZTRJdlBpN2paTGhTcXNtKzNQMEpUcnIwMTJ2ZXZmdnhiVFJ0bG9QN0lTa2NIWHM0aQpERkl2Zkd4R3V1dGhqWlhsd0V3QmRlVGFoc2luSUlmSG1qNVEzeEJjajQxVnFvQjBVT0FLSVVOOXZVeWp5SndtCmtHc2NoTVF4VTZOcUE5aWFPeUFvZU5lQ1BRblRvdTFZelViK3ZZV2lESUFyMm9UczBSMnFnc1ZBKzg2OWFsblIKNllkUjZ3M2VJbWVpTmVLSTRPck5kcDQ9Ci0tLS0tRU5EIENFUlRJRklDQVRFLS0tLS0K"
              }
            ],
            "master_authorized_networks_config": [
              {
                "cidr_blocks": [
                  {
                    "cidr_block": "0.0.0.0/0",
                    "display_name": "All networks"
                  }
                ],
                "gcp_public_cidrs_access_enabled": false
              }
            ],
            "master_version": "1.32.4-gke.1415000",
            "mesh_certificates": [],
            "min_master_version": null,
            "monitoring_config": [
              {
                "advanced_datapath_observability_config": [
                  {
                    "enable_metrics": false,
                    "enable_relay": false,
                    "relay_mode": "DISABLED"
                  }
                ],
                "enable_components": [
                  "SYSTEM_COMPONENTS",
                  "JOBSET",
                  "STORAGE",
                  "HPA",
                  "POD",
                  "DAEMONSET",
                  "DEPLOYMENT",
                  "STATEFULSET",
                  "CADVISOR",
                  "KUBELET",
                  "DCGM"
                ],
                "managed_prometheus": [
                  {
                    "enabled": true
                  }
                ]
              }
            ],
            "monitoring_service": "monitoring.googleapis.com/kubernetes",
            "name": "dytallix-testnet-cluster",
            "network": "projects/dytallix/global/networks/dytallix-testnet-vpc",
            "network_policy": [
              {
                "enabled": true,
                "provider": "CALICO"
              }
            ],
            "networking_mode": "VPC_NATIVE",
            "node_config": [],
            "node_locations": [],
            "node_pool": [],
            "node_pool_auto_config": [
              {
                "network_tags": [],
                "node_kubelet_config": [
                  {
                    "insecure_kubelet_readonly_port_enabled": "FALSE"
                  }
                ],
                "resource_manager_tags": {}
              }
            ],
            "node_pool_defaults": [
              {
                "node_config_defaults": [
                  {
                    "containerd_config": [],
                    "insecure_kubelet_readonly_port_enabled": "FALSE",
                    "logging_variant": "DEFAULT"
                  }
                ]
              }
            ],
            "node_version": "1.32.4-gke.1415000",
            "notification_config": [
              {
                "pubsub": [
                  {
                    "enabled": false,
                    "filter": [],
                    "topic": ""
                  }
                ]
              }
            ],
            "operation": null,
            "private_cluster_config": [
              {
                "enable_private_endpoint": false,
                "enable_private_nodes": true,
                "master_global_access_config": [
                  {
                    "enabled": false
                  }
                ],
                "master_ipv4_cidr_block": "172.16.0.0/28",
                "peering_name": "",
                "private_endpoint": "172.16.0.2",
                "private_endpoint_subnetwork": "",
                "public_endpoint": "34.121.30.178"
              }
            ],
            "private_ipv6_google_access": "",
            "project": "dytallix",
            "release_channel": [
              {
                "channel": "REGULAR"
              }
            ],
            "remove_default_node_pool": true,
            "resource_labels": {
              "created_on": "2025-07-22",
              "environment": "testnet",
              "managed_by": "terraform",
              "project": "dytallix-bridge"
            },
            "resource_usage_export_config": [],
            "security_posture_config": [
              {
                "mode": "BASIC",
                "vulnerability_mode": "VULNERABILITY_MODE_UNSPECIFIED"
              }
            ],
            "self_link": "https://container.googleapis.com/v1/projects/dytallix/zones/us-central1-a/clusters/dytallix-testnet-cluster",
            "service_external_ips_config": [
              {
                "enabled": false
              }
            ],
            "services_ipv4_cidr": "10.2.0.0/16",
            "subnetwork": "projects/dytallix/regions/us-central1/subnetworks/dytallix-testnet-subnet",
            "timeouts": null,
            "tpu_ipv4_cidr_block": "",
            "vertical_pod_autoscaling": [],
            "workload_identity_config": [
              {
                "workload_pool": "dytallix.svc.id.goog"
              }
            ]
          },
          "sensitive_attributes": [],
          "private": "eyJlMmJmYjczMC1lY2FhLTExZTYtOGY4OC0zNDM2M2JjN2M0YzAiOnsiY3JlYXRlIjoyNDAwMDAwMDAwMDAwLCJkZWxldGUiOjI0MDAwMDAwMDAwMDAsInJlYWQiOjI0MDAwMDAwMDAwMDAsInVwZGF0ZSI6MzYwMDAwMDAwMDAwMH0sInNjaGVtYV92ZXJzaW9uIjoiMiJ9",
          "dependencies": [
            "google_compute_network.vpc",
            "google_compute_subnetwork.subnet",
            "google_kms_crypto_key.cluster_key",
            "google_project_service.apis"
          ]
        }
      ]
    },
    {
      "mode": "managed",
      "type": "google_container_node_pool",
      "name": "primary_nodes",
      "provider": "provider[\"registry.terraform.io/hashicorp/google\"]",
      "instances": [
        {
          "schema_version": 1,
          "attributes": {
            "autoscaling": [
              {
                "location_policy": "BALANCED",
                "max_node_count": 10,
                "min_node_count": 3,
                "total_max_node_count": 0,
                "total_min_node_count": 0
              }
            ],
            "cluster": "dytallix-testnet-cluster",
            "id": "projects/dytallix/locations/us-central1-a/clusters/dytallix-testnet-cluster/nodePools/dytallix-bridge-cluster-node-pool",
            "initial_node_count": 3,
            "instance_group_urls": [
              "https://www.googleapis.com/compute/v1/projects/dytallix/zones/us-central1-a/instanceGroupManagers/gke-dytallix-testnet-dytallix-bridge--304b58d3-grp"
            ],
            "location": "us-central1-a",
            "managed_instance_group_urls": [
              "https://www.googleapis.com/compute/v1/projects/dytallix/zones/us-central1-a/instanceGroups/gke-dytallix-testnet-dytallix-bridge--304b58d3-grp"
            ],
            "management": [
              {
                "auto_repair": true,
                "auto_upgrade": true
              }
            ],
            "max_pods_per_node": 110,
            "name": "dytallix-bridge-cluster-node-pool",
            "name_prefix": "",
            "network_config": [
              {
                "additional_node_network_configs": [],
                "additional_pod_network_configs": [],
                "create_pod_range": false,
                "enable_private_nodes": true,
                "network_performance_config": [],
                "pod_cidr_overprovision_config": [],
                "pod_ipv4_cidr_block": "10.1.0.0/16",
                "pod_range": "gke-pods"
              }
            ],
            "node_config": [
              {
                "advanced_machine_features": [],
                "boot_disk_kms_key": "",
                "confidential_nodes": [],
                "containerd_config": [],
                "disk_size_gb": 100,
                "disk_type": "pd-ssd",
                "effective_taints": [],
                "enable_confidential_storage": false,
                "ephemeral_storage_local_ssd_config": [],
                "fast_socket": [],
                "gcfs_config": [],
                "guest_accelerator": [],
                "gvnic": [],
                "host_maintenance_policy": [],
                "image_type": "COS_CONTAINERD",
                "kubelet_config": [
                  {
                    "cpu_cfs_quota": false,
                    "cpu_cfs_quota_period": "",
                    "cpu_manager_policy": "",
                    "insecure_kubelet_readonly_port_enabled": "FALSE",
                    "pod_pids_limit": 0
                  }
                ],
                "labels": {
                  "env": "testnet",
                  "project": "dytallix-bridge"
                },
                "linux_node_config": [],
                "local_nvme_ssd_block_config": [],
                "local_ssd_count": 0,
                "logging_variant": "DEFAULT",
                "machine_type": "e2-standard-4",
                "metadata": {
                  "disable-legacy-endpoints": "true"
                },
                "min_cpu_platform": "",
                "node_group": "",
                "oauth_scopes": [
                  "https://www.googleapis.com/auth/cloud-platform"
                ],
                "preemptible": false,
                "reservation_affinity": [],
                "resource_labels": {
                  "goog-gke-node-pool-provisioning-model": "on-demand"
                },
                "resource_manager_tags": null,
                "secondary_boot_disks": [],
                "service_account": "dytallix-bridge-sa@dytallix.iam.gserviceaccount.com",
                "shielded_instance_config": [
                  {
                    "enable_integrity_monitoring": true,
                    "enable_secure_boot": false
                  }
                ],
                "sole_tenant_config": [],
                "spot": false,
                "tags": [
                  "dytallix-bridge",
                  "testnet"
                ],
                "taint": [],
                "workload_metadata_config": [
                  {
                    "mode": "GKE_METADATA"
                  }
                ]
              }
            ],
            "node_count": 3,
            "node_locations": [
              "us-central1-a"
            ],
            "operation": null,
            "placement_policy": [],
            "project": "dytallix",
            "queued_provisioning": [],
            "timeouts": null,
            "upgrade_settings": [
              {
                "blue_green_settings": [],
                "max_surge": 1,
                "max_unavailable": 0,
                "strategy": "SURGE"
              }
            ],
            "version": "1.32.4-gke.1415000"
          },
          "sensitive_attributes": [],
          "private": "eyJlMmJmYjczMC1lY2FhLTExZTYtOGY4OC0zNDM2M2JjN2M0YzAiOnsiY3JlYXRlIjoxODAwMDAwMDAwMDAwLCJkZWxldGUiOjE4MDAwMDAwMDAwMDAsInVwZGF0ZSI6MTgwMDAwMDAwMDAwMH0sInNjaGVtYV92ZXJzaW9uIjoiMSJ9",
          "dependencies": [
            "google_compute_network.vpc",
            "google_compute_subnetwork.subnet",
            "google_container_cluster.primary",
            "google_kms_crypto_key.cluster_key",
            "google_project_service.apis",
            "google_service_account.bridge_sa"
          ]
        }
      ]
    },
    {
      "mode": "managed",
      "type": "google_project_iam_member",
      "name": "bridge_sa_roles",
      "provider": "provider[\"registry.terraform.io/hashicorp/google\"]",
      "instances": [
        {
          "index_key": "roles/container.admin",
          "schema_version": 0,
          "attributes": {
            "condition": [],
            "etag": "BwY6esNzpKA=",
            "id": "dytallix/roles/container.admin/serviceAccount:dytallix-bridge-sa@dytallix.iam.gserviceaccount.com",
            "member": "serviceAccount:dytallix-bridge-sa@dytallix.iam.gserviceaccount.com",
            "project": "dytallix",
            "role": "roles/container.admin"
          },
          "sensitive_attributes": [],
          "private": "bnVsbA==",
          "dependencies": [
            "google_service_account.bridge_sa"
          ]
        },
        {
          "index_key": "roles/logging.logWriter",
          "schema_version": 0,
          "attributes": {
            "condition": [],
            "etag": "BwY6esNzpKA=",
            "id": "dytallix/roles/logging.logWriter/serviceAccount:dytallix-bridge-sa@dytallix.iam.gserviceaccount.com",
            "member": "serviceAccount:dytallix-bridge-sa@dytallix.iam.gserviceaccount.com",
            "project": "dytallix",
            "role": "roles/logging.logWriter"
          },
          "sensitive_attributes": [],
          "private": "bnVsbA==",
          "dependencies": [
            "google_service_account.bridge_sa"
          ]
        },
        {
          "index_key": "roles/monitoring.metricWriter",
          "schema_version": 0,
          "attributes": {
            "condition": [],
            "etag": "BwY6esNzpKA=",
            "id": "dytallix/roles/monitoring.metricWriter/serviceAccount:dytallix-bridge-sa@dytallix.iam.gserviceaccount.com",
            "member": "serviceAccount:dytallix-bridge-sa@dytallix.iam.gserviceaccount.com",
            "project": "dytallix",
            "role": "roles/monitoring.metricWriter"
          },
          "sensitive_attributes": [],
          "private": "bnVsbA==",
          "dependencies": [
            "google_service_account.bridge_sa"
          ]
        },
        {
          "index_key": "roles/storage.admin",
          "schema_version": 0,
          "attributes": {
            "condition": [],
            "etag": "BwY6esNzpKA=",
            "id": "dytallix/roles/storage.admin/serviceAccount:dytallix-bridge-sa@dytallix.iam.gserviceaccount.com",
            "member": "serviceAccount:dytallix-bridge-sa@dytallix.iam.gserviceaccount.com",
            "project": "dytallix",
            "role": "roles/storage.admin"
          },
          "sensitive_attributes": [],
          "private": "bnVsbA==",
          "dependencies": [
            "google_service_account.bridge_sa"
          ]
        }
      ]
    },
    {
      "mode": "managed",
      "type": "google_project_service",
      "name": "apis",
      "provider": "provider[\"registry.terraform.io/hashicorp/google\"]",
      "instances": [
        {
          "index_key": "artifactregistry.googleapis.com",
          "schema_version": 0,
          "attributes": {
            "disable_dependent_services": true,
            "disable_on_destroy": true,
            "id": "dytallix/artifactregistry.googleapis.com",
            "project": "dytallix",
            "service": "artifactregistry.googleapis.com",
            "timeouts": null
          },
          "sensitive_attributes": [],
          "private": "eyJlMmJmYjczMC1lY2FhLTExZTYtOGY4OC0zNDM2M2JjN2M0YzAiOnsiY3JlYXRlIjoxMjAwMDAwMDAwMDAwLCJkZWxldGUiOjEyMDAwMDAwMDAwMDAsInJlYWQiOjYwMDAwMDAwMDAwMCwidXBkYXRlIjoxMjAwMDAwMDAwMDAwfX0="
        },
        {
          "index_key": "cloudresourcemanager.googleapis.com",
          "schema_version": 0,
          "attributes": {
            "disable_dependent_services": true,
            "disable_on_destroy": true,
            "id": "dytallix/cloudresourcemanager.googleapis.com",
            "project": "dytallix",
            "service": "cloudresourcemanager.googleapis.com",
            "timeouts": null
          },
          "sensitive_attributes": [],
          "private": "eyJlMmJmYjczMC1lY2FhLTExZTYtOGY4OC0zNDM2M2JjN2M0YzAiOnsiY3JlYXRlIjoxMjAwMDAwMDAwMDAwLCJkZWxldGUiOjEyMDAwMDAwMDAwMDAsInJlYWQiOjYwMDAwMDAwMDAwMCwidXBkYXRlIjoxMjAwMDAwMDAwMDAwfX0="
        },
        {
          "index_key": "compute.googleapis.com",
          "schema_version": 0,
          "attributes": {
            "disable_dependent_services": true,
            "disable_on_destroy": true,
            "id": "dytallix/compute.googleapis.com",
            "project": "dytallix",
            "service": "compute.googleapis.com",
            "timeouts": null
          },
          "sensitive_attributes": [],
          "private": "eyJlMmJmYjczMC1lY2FhLTExZTYtOGY4OC0zNDM2M2JjN2M0YzAiOnsiY3JlYXRlIjoxMjAwMDAwMDAwMDAwLCJkZWxldGUiOjEyMDAwMDAwMDAwMDAsInJlYWQiOjYwMDAwMDAwMDAwMCwidXBkYXRlIjoxMjAwMDAwMDAwMDAwfX0="
        },
        {
          "index_key": "container.googleapis.com",
          "schema_version": 0,
          "attributes": {
            "disable_dependent_services": true,
            "disable_on_destroy": true,
            "id": "dytallix/container.googleapis.com",
            "project": "dytallix",
            "service": "container.googleapis.com",
            "timeouts": null
          },
          "sensitive_attributes": [],
          "private": "eyJlMmJmYjczMC1lY2FhLTExZTYtOGY4OC0zNDM2M2JjN2M0YzAiOnsiY3JlYXRlIjoxMjAwMDAwMDAwMDAwLCJkZWxldGUiOjEyMDAwMDAwMDAwMDAsInJlYWQiOjYwMDAwMDAwMDAwMCwidXBkYXRlIjoxMjAwMDAwMDAwMDAwfX0="
        },
        {
          "index_key": "containerregistry.googleapis.com",
          "schema_version": 0,
          "attributes": {
            "disable_dependent_services": true,
            "disable_on_destroy": true,
            "id": "dytallix/containerregistry.googleapis.com",
            "project": "dytallix",
            "service": "containerregistry.googleapis.com",
            "timeouts": null
          },
          "sensitive_attributes": [],
          "private": "eyJlMmJmYjczMC1lY2FhLTExZTYtOGY4OC0zNDM2M2JjN2M0YzAiOnsiY3JlYXRlIjoxMjAwMDAwMDAwMDAwLCJkZWxldGUiOjEyMDAwMDAwMDAwMDAsInJlYWQiOjYwMDAwMDAwMDAwMCwidXBkYXRlIjoxMjAwMDAwMDAwMDAwfX0="
        },
        {
          "index_key": "iam.googleapis.com",
          "schema_version": 0,
          "attributes": {
            "disable_dependent_services": true,
            "disable_on_destroy": true,
            "id": "dytallix/iam.googleapis.com",
            "project": "dytallix",
            "service": "iam.googleapis.com",
            "timeouts": null
          },
          "sensitive_attributes": [],
          "private": "eyJlMmJmYjczMC1lY2FhLTExZTYtOGY4OC0zNDM2M2JjN2M0YzAiOnsiY3JlYXRlIjoxMjAwMDAwMDAwMDAwLCJkZWxldGUiOjEyMDAwMDAwMDAwMDAsInJlYWQiOjYwMDAwMDAwMDAwMCwidXBkYXRlIjoxMjAwMDAwMDAwMDAwfX0="
        },
        {
          "index_key": "logging.googleapis.com",
          "schema_version": 0,
          "attributes": {
            "disable_dependent_services": true,
            "disable_on_destroy": true,
            "id": "dytallix/logging.googleapis.com",
            "project": "dytallix",
            "service": "logging.googleapis.com",
            "timeouts": null
          },
          "sensitive_attributes": [],
          "private": "eyJlMmJmYjczMC1lY2FhLTExZTYtOGY4OC0zNDM2M2JjN2M0YzAiOnsiY3JlYXRlIjoxMjAwMDAwMDAwMDAwLCJkZWxldGUiOjEyMDAwMDAwMDAwMDAsInJlYWQiOjYwMDAwMDAwMDAwMCwidXBkYXRlIjoxMjAwMDAwMDAwMDAwfX0="
        },
        {
          "index_key": "monitoring.googleapis.com",
          "schema_version": 0,
          "attributes": {
            "disable_dependent_services": true,
            "disable_on_destroy": true,
            "id": "dytallix/monitoring.googleapis.com",
            "project": "dytallix",
            "service": "monitoring.googleapis.com",
            "timeouts": null
          },
          "sensitive_attributes": [],
          "private": "eyJlMmJmYjczMC1lY2FhLTExZTYtOGY4OC0zNDM2M2JjN2M0YzAiOnsiY3JlYXRlIjoxMjAwMDAwMDAwMDAwLCJkZWxldGUiOjEyMDAwMDAwMDAwMDAsInJlYWQiOjYwMDAwMDAwMDAwMCwidXBkYXRlIjoxMjAwMDAwMDAwMDAwfX0="
        },
        {
          "index_key": "storage.googleapis.com",
          "schema_version": 0,
          "attributes": {
            "disable_dependent_services": true,
            "disable_on_destroy": true,
            "id": "dytallix/storage.googleapis.com",
            "project": "dytallix",
            "service": "storage.googleapis.com",
            "timeouts": null
          },
          "sensitive_attributes": [],
          "private": "eyJlMmJmYjczMC1lY2FhLTExZTYtOGY4OC0zNDM2M2JjN2M0YzAiOnsiY3JlYXRlIjoxMjAwMDAwMDAwMDAwLCJkZWxldGUiOjEyMDAwMDAwMDAwMDAsInJlYWQiOjYwMDAwMDAwMDAwMCwidXBkYXRlIjoxMjAwMDAwMDAwMDAwfX0="
        }
      ]
    },
    {
      "mode": "managed",
      "type": "google_service_account",
      "name": "bridge_sa",
      "provider": "provider[\"registry.terraform.io/hashicorp/google\"]",
      "instances": [
        {
          "schema_version": 0,
          "attributes": {
            "account_id": "dytallix-bridge-sa",
            "create_ignore_already_exists": null,
            "description": "Service account for Dytallix cross-chain bridge",
            "disabled": false,
            "display_name": "Dytallix Bridge Service Account",
            "email": "dytallix-bridge-sa@dytallix.iam.gserviceaccount.com",
            "id": "projects/dytallix/serviceAccounts/dytallix-bridge-sa@dytallix.iam.gserviceaccount.com",
            "member": "serviceAccount:dytallix-bridge-sa@dytallix.iam.gserviceaccount.com",
            "name": "projects/dytallix/serviceAccounts/dytallix-bridge-sa@dytallix.iam.gserviceaccount.com",
            "project": "dytallix",
            "timeouts": null,
            "unique_id": "112063879857755356394"
          },
          "sensitive_attributes": [],
          "private": "eyJlMmJmYjczMC1lY2FhLTExZTYtOGY4OC0zNDM2M2JjN2M0YzAiOnsiY3JlYXRlIjozMDAwMDAwMDAwMDB9LCJzY2hlbWFfdmVyc2lvbiI6IjAifQ=="
        }
      ]
    },
    {
      "mode": "managed",
      "type": "google_storage_bucket",
      "name": "access_logs",
      "provider": "provider[\"registry.terraform.io/hashicorp/google\"]",
      "instances": [
        {
          "schema_version": 2,
          "attributes": {
            "autoclass": [],
            "cors": [],
            "custom_placement_config": [],
            "default_event_based_hold": false,
            "effective_labels": {
              "created_on": "2025-07-22",
              "environment": "testnet",
              "managed_by": "terraform",
              "project": "dytallix-bridge"
            },
            "enable_object_retention": false,
            "encryption": [],
            "force_destroy": false,
            "id": "dytallix-testnet-access-logs",
            "labels": {
              "created_on": "2025-07-22",
              "environment": "testnet",
              "managed_by": "terraform",
              "project": "dytallix-bridge"
            },
            "lifecycle_rule": [
              {
                "action": [
                  {
                    "storage_class": "",
                    "type": "Delete"
                  }
                ],
                "condition": [
                  {
                    "age": 90,
                    "created_before": "",
                    "custom_time_before": "",
                    "days_since_custom_time": 0,
                    "days_since_noncurrent_time": 0,
                    "matches_prefix": [],
                    "matches_storage_class": [],
                    "matches_suffix": [],
                    "no_age": false,
                    "noncurrent_time_before": "",
                    "num_newer_versions": 0,
                    "send_age_if_zero": true,
                    "send_days_since_custom_time_if_zero": false,
                    "send_days_since_noncurrent_time_if_zero": false,
                    "send_num_newer_versions_if_zero": false,
                    "with_state": "ANY"
                  }
                ]
              }
            ],
            "location": "US-CENTRAL1",
            "logging": [],
            "name": "dytallix-testnet-access-logs",
            "project": "dytallix",
            "project_number": 615943703161,
            "public_access_prevention": "inherited",
            "requester_pays": false,
            "retention_policy": [],
            "rpo": null,
            "self_link": "https://www.googleapis.com/storage/v1/b/dytallix-testnet-access-logs",
            "soft_delete_policy": [
              {
                "effective_time": "2025-07-22T01:38:01.198Z",
                "retention_duration_seconds": 604800
              }
            ],
            "storage_class": "STANDARD",
            "terraform_labels": {
              "created_on": "2025-07-22",
              "environment": "testnet",
              "managed_by": "terraform",
              "project": "dytallix-bridge"
            },
            "timeouts": null,
            "uniform_bucket_level_access": true,
            "url": "gs://dytallix-testnet-access-logs",
            "versioning": [],
            "website": []
          },
          "sensitive_attributes": [],
          "private": "eyJlMmJmYjczMC1lY2FhLTExZTYtOGY4OC0zNDM2M2JjN2M0YzAiOnsiY3JlYXRlIjo2MDAwMDAwMDAwMDAsInJlYWQiOjI0MDAwMDAwMDAwMCwidXBkYXRlIjoyNDAwMDAwMDAwMDB9LCJzY2hlbWFfdmVyc2lvbiI6IjIifQ=="
        }
      ]
    },
    {
      "mode": "managed",
      "type": "google_storage_bucket",
      "name": "bridge_storage",
      "provider": "provider[\"registry.terraform.io/hashicorp/google\"]",
      "instances": [
        {
          "schema_version": 2,
          "attributes": {
            "autoclass": [],
            "cors": [],
            "custom_placement_config": [],
            "default_event_based_hold": false,
            "effective_labels": {
              "created_on": "2025-07-22",
              "environment": "testnet",
              "managed_by": "terraform",
              "project": "dytallix-bridge"
            },
            "enable_object_retention": false,
            "encryption": [],
            "force_destroy": false,
            "id": "dytallix-testnet-storage",
            "labels": {
              "created_on": "2025-07-22",
              "environment": "testnet",
              "managed_by": "terraform",
              "project": "dytallix-bridge"
            },
            "lifecycle_rule": [
              {
                "action": [
                  {
                    "storage_class": "NEARLINE",
                    "type": "SetStorageClass"
                  }
                ],
                "condition": [
                  {
                    "age": 30,
                    "created_before": "",
                    "custom_time_before": "",
                    "days_since_custom_time": 0,
                    "days_since_noncurrent_time": 0,
                    "matches_prefix": [],
                    "matches_storage_class": [],
                    "matches_suffix": [],
                    "no_age": false,
                    "noncurrent_time_before": "",
                    "num_newer_versions": 0,
                    "send_age_if_zero": true,
                    "send_days_since_custom_time_if_zero": false,
                    "send_days_since_noncurrent_time_if_zero": false,
                    "send_num_newer_versions_if_zero": false,
                    "with_state": "ANY"
                  }
                ]
              },
              {
                "action": [
                  {
                    "storage_class": "",
                    "type": "Delete"
                  }
                ],
                "condition": [
                  {
                    "age": 365,
                    "created_before": "",
                    "custom_time_before": "",
                    "days_since_custom_time": 0,
                    "days_since_noncurrent_time": 0,
                    "matches_prefix": [],
                    "matches_storage_class": [],
                    "matches_suffix": [],
                    "no_age": false,
                    "noncurrent_time_before": "",
                    "num_newer_versions": 0,
                    "send_age_if_zero": true,
                    "send_days_since_custom_time_if_zero": false,
                    "send_days_since_noncurrent_time_if_zero": false,
                    "send_num_newer_versions_if_zero": false,
                    "with_state": "ANY"
                  }
                ]
              }
            ],
            "location": "US-CENTRAL1",
            "logging": [
              {
                "log_bucket": "dytallix-testnet-access-logs",
                "log_object_prefix": "dytallix-testnet-storage"
              }
            ],
            "name": "dytallix-testnet-storage",
            "project": "dytallix",
            "project_number": 615943703161,
            "public_access_prevention": "inherited",
            "requester_pays": false,
            "retention_policy": [],
            "rpo": null,
            "self_link": "https://www.googleapis.com/storage/v1/b/dytallix-testnet-storage",
            "soft_delete_policy": [
              {
                "effective_time": "2025-07-22T01:38:04.419Z",
                "retention_duration_seconds": 604800
              }
            ],
            "storage_class": "REGIONAL",
            "terraform_labels": {
              "created_on": "2025-07-22",
              "environment": "testnet",
              "managed_by": "terraform",
              "project": "dytallix-bridge"
            },
            "timeouts": null,
            "uniform_bucket_level_access": true,
            "url": "gs://dytallix-testnet-storage",
            "versioning": [
              {
                "enabled": true
              }
            ],
            "website": []
          },
          "sensitive_attributes": [],
          "private": "eyJlMmJmYjczMC1lY2FhLTExZTYtOGY4OC0zNDM2M2JjN2M0YzAiOnsiY3JlYXRlIjo2MDAwMDAwMDAwMDAsInJlYWQiOjI0MDAwMDAwMDAwMCwidXBkYXRlIjoyNDAwMDAwMDAwMDB9LCJzY2hlbWFfdmVyc2lvbiI6IjIifQ==",
          "dependencies": [
            "google_storage_bucket.access_logs"
          ]
        }
      ]
    },
    {
      "mode": "managed",
      "type": "random_password",
      "name": "db_password",
      "provider": "provider[\"registry.terraform.io/hashicorp/random\"]",
      "instances": [
        {
          "schema_version": 3,
          "attributes": {
            "bcrypt_hash": "$2a$10$Q.zgEZXK1AhNha567tIaIOh0DyonSbw7q6W1PhHAO6Zj9vbElXUpC",
            "id": "none",
            "keepers": null,
            "length": 32,
            "lower": true,
            "min_lower": 0,
            "min_numeric": 0,
            "min_special": 0,
            "min_upper": 0,
            "number": true,
            "numeric": true,
            "override_special": null,
            "result": "1bYM2yFZmpBxDjWm\u003e\u003ebjk(r6lo*1=}Lw",
            "special": true,
            "upper": true
          },
          "sensitive_attributes": []
        }
      ]
    }
  ],
  "check_results": null
}
